
Microsoft Visual Studio Solution File, Format Version 12.00
# Visual Studio Version 17
VisualStudioVersion = 17.2.32630.192
MinimumVisualStudioVersion = 10.0.40219.1
Project("{FAE04EC0-301F-11D3-BF4B-00C04F79EFBC}") = "ComposicaoFuncionarios", "ComposicaoFuncionarios\ComposicaoFuncionarios.csproj", "{A20EDD0C-9D31-4BFE-9E0E-FDAFFE238426}"
EndProject
Global
	GlobalSection(SolutionConfigurationPlatforms) = preSolution
		Debug|Any CPU = Debug|Any CPU
		Release|Any CPU = Release|Any CPU
	EndGlobalSection
	GlobalSection(ProjectConfigurationPlatforms) = postSolution
		{A20EDD0C-9D31-4BFE-9E0E-FDAFFE238426}.Debug|Any CPU.ActiveCfg = Debug|Any CPU
		{A20EDD0C-9D31-4BFE-9E0E-FDAFFE238426}.Debug|Any CPU.Build.0 = Debug|Any CPU
		{A20EDD0C-9D31-4BFE-9E0E-FDAFFE238426}.Release|Any CPU.ActiveCfg = Release|Any CPU
		{A20EDD0C-9D31-4BFE-9E0E-FDAFFE238426}.Release|Any CPU.Build.0 = Release|Any CPU
	EndGlobalSection
	GlobalSection(SolutionProperties) = preSolution
		HideSolutionNode = FALSE
	EndGlobalSection
	GlobalSection(ExtensibilityGlobals) = postSolution
		SolutionGuid = {90F7F3C7-42B8-479B-B5E3-A556DEFD4245}
	EndGlobalSection
EndGlobal
